# This file is automatically @generated by Poetry and should not be changed by hand.

[[package]]
name = "maturin"
version = "0.14.10"
description = "Build and publish crates with pyo3, rust-cpython and cffi bindings as well as rust binaries as python packages"
category = "main"
optional = false
python-versions = ">=3.7"
files = [
    {file = "maturin-0.14.10-py3-none-linux_armv6l.whl", hash = "sha256:ec8269c02cc435893308dfd50f57f14fb1be3554e4e61c5bf49b97363b289775"},
    {file = "maturin-0.14.10-py3-none-macosx_10_7_x86_64.whl", hash = "sha256:e9c19dc0a28109280f7d091ca7b78e25f3fc340fcfac92801829a21198fa20eb"},
    {file = "maturin-0.14.10-py3-none-macosx_10_9_x86_64.macosx_11_0_arm64.macosx_10_9_universal2.whl", hash = "sha256:cf950ebfe449a97617b91d75e09766509e21a389ce3f7b6ef15130ad8a95430a"},
    {file = "maturin-0.14.10-py3-none-manylinux_2_12_i686.manylinux2010_i686.musllinux_1_1_i686.whl", hash = "sha256:c0d25e82cb6e5de9f1c028fcf069784be4165b083e79412371edce05010b68f3"},
    {file = "maturin-0.14.10-py3-none-manylinux_2_12_x86_64.manylinux2010_x86_64.musllinux_1_1_x86_64.whl", hash = "sha256:9da98bee0a548ecaaa924cc8cb94e49075d5e71511c62a1633a6962c7831a29b"},
    {file = "maturin-0.14.10-py3-none-manylinux_2_17_aarch64.manylinux2014_aarch64.musllinux_1_1_aarch64.whl", hash = "sha256:2f097a63f3bed20a7da56fc7ce4d44ef8376ee9870604da16b685f2d02c87c79"},
    {file = "maturin-0.14.10-py3-none-manylinux_2_17_armv7l.manylinux2014_armv7l.musllinux_1_1_armv7l.whl", hash = "sha256:4946ad7545ba5fc0ad08bc98bc8e9f6ffabb6ded71db9ed282ad4596b998d42a"},
    {file = "maturin-0.14.10-py3-none-manylinux_2_17_ppc64le.manylinux2014_ppc64le.musllinux_1_1_ppc64le.whl", hash = "sha256:98bfed21c3498857b3381efeb041d77e004a93b22261bf9690fe2b9fbb4c210f"},
    {file = "maturin-0.14.10-py3-none-manylinux_2_17_s390x.manylinux2014_s390x.whl", hash = "sha256:b157e2e8a0216d02df1d0451201fcb977baf0dcd223890abfbfbfd01e0b44630"},
    {file = "maturin-0.14.10-py3-none-win32.whl", hash = "sha256:5abf311d4618b673efa30cacdac5ae2d462e49da58db9a5bf0d8bde16d9c16be"},
    {file = "maturin-0.14.10-py3-none-win_amd64.whl", hash = "sha256:11b8550ceba5b81465a18d06f0d3a4cfc1cd6cbf68eda117c253bbf3324b1264"},
    {file = "maturin-0.14.10-py3-none-win_arm64.whl", hash = "sha256:6cc9afb89f28bd591b62f8f3c29736c81c322cffe88f9ab8eb1749377bbc3521"},
    {file = "maturin-0.14.10.tar.gz", hash = "sha256:895c48cbe56ae994c2a1eeeef19475ca4819aa4c6412af727a63a772e8ef2d87"},
]

[package.dependencies]
tomli = {version = ">=1.1.0", markers = "python_version < \"3.11\""}

[package.extras]
patchelf = ["patchelf"]
zig = ["ziglang (>=0.10.0,<0.11.0)"]

[[package]]
name = "tomli"
version = "2.0.1"
description = "A lil' TOML parser"
category = "main"
optional = false
python-versions = ">=3.7"
files = [
    {file = "tomli-2.0.1-py3-none-any.whl", hash = "sha256:939de3e7a6161af0c887ef91b7d41a53e7c5a1ca976325f429cb46ea9bc30ecc"},
    {file = "tomli-2.0.1.tar.gz", hash = "sha256:de526c12914f0c550d15924c62d72abc48d6fe7364aa87328337a31007fe8a4f"},
]

[metadata]
lock-version = "2.0"
python-versions = ">=3.9,<3.10"
content-hash = "dbf65433205f7df4815d4d72d9d8baa4e98a14dd8b8e738e051fa0c9e609df9a"
